{
  "nodes": {
    "mistral-vibe-src": {
      "flake": false,
      "locked": {
        "lastModified": 1777540402,
        "narHash": "sha256-3kMilvBmBhP57jPlDLc+S6kDuJjcOjMHEwh8W4hzEVw=",
        "owner": "mistralai",
        "repo": "mistral-vibe",
        "rev": "71f373c60c6278ad478235930a90cd279130f2de",
        "type": "github"
      },
      "original": {
        "owner": "mistralai",
        "repo": "mistral-vibe",
        "type": "github"
      }
    },
    "nixpkgs": {
      "locked": {
        "lastModified": 1777578337,
        "narHash": "sha256-Ad49moKWeXtKBJNy2ebiTQUEgdLyvGmTeykAQ9xM+Z4=",
        "owner": "NixOS",
        "repo": "nixpkgs",
        "rev": "15f4ee454b1dce334612fa6843b3e05cf546efab",
        "type": "github"
      },
      "original": {
        "owner": "NixOS",
        "ref": "nixos-unstable",
        "repo": "nixpkgs",
        "type": "github"
      }
    },
    "pyproject-build-systems": {
      "inputs": {
        "nixpkgs": [
          "nixpkgs"
        ],
        "pyproject-nix": [
          "pyproject-nix"
        ],
        "uv2nix": "uv2nix"
      },
      "locked": {
        "lastModified": 1776659114,
        "narHash": "sha256-qapCOQmR++yZSY43dzrp3wCrkOTLpod+ONtJWBk6iKU=",
        "owner": "pyproject-nix",
        "repo": "build-system-pkgs",
        "rev": "ffaa2161dd5d63e0e94591f86b54fc239660fb2e",
        "type": "github"
      },
      "original": {
        "owner": "pyproject-nix",
        "repo": "build-system-pkgs",
        "type": "github"
      }
    },
    "pyproject-nix": {
      "inputs": {
        "nixpkgs": [
          "nixpkgs"
        ]
      },
      "locked": {
        "lastModified": 1776715674,
        "narHash": "sha256-Gs1VnEkCkkRZxJQAC/Dhz0Jbfi22mFXChbtNg9w/Ybg=",
        "owner": "pyproject-nix",
        "repo": "pyproject.nix",
        "rev": "69f57f27e52a87c54e28138a75ec741cd46663c9",
        "type": "github"
      },
      "original": {
        "owner": "pyproject-nix",
        "repo": "pyproject.nix",
        "type": "github"
      }
    },
    "root": {
      "inputs": {
        "mistral-vibe-src": "mistral-vibe-src",
        "nixpkgs": "nixpkgs",
        "pyproject-build-systems": "pyproject-build-systems",
        "pyproject-nix": "pyproject-nix",
        "uv2nix": "uv2nix_2"
      }
    },
    "uv2nix": {
      "inputs": {
        "nixpkgs": [
          "pyproject-build-systems",
          "nixpkgs"
        ],
        "pyproject-nix": [
          "pyproject-build-systems",
          "pyproject-nix"
        ]
      },
      "locked": {
        "lastModified": 1776317509,
        "narHash": "sha256-nSriomT9IJvyVY/mzyFz4Un6DHSjCfrVitcIfV+VHnY=",
        "owner": "pyproject-nix",
        "repo": "uv2nix",
        "rev": "56cfeb9813150e1f900f13e4d6fe46e2845f82d5",
        "type": "github"
      },
      "original": {
        "owner": "pyproject-nix",
        "repo": "uv2nix",
        "type": "github"
      }
    },
    "uv2nix_2": {
      "inputs": {
        "nixpkgs": [
          "nixpkgs"
        ],
        "pyproject-nix": [
          "pyproject-nix"
        ]
      },
      "locked": {
        "lastModified": 1777895960,
        "narHash": "sha256-KebDsQd+A7pm++Tp0744EjULttHvz1wbKqNKkMA/088=",
        "owner": "pyproject-nix",
        "repo": "uv2nix",
        "rev": "5ad90d48b80ecc920ca2247d53f46beba302e186",
        "type": "github"
      },
      "original": {
        "owner": "pyproject-nix",
        "repo": "uv2nix",
        "type": "github"
      }
    }
  },
  "root": "root",
  "version": 7
}
