{
  "nodes": {
    "mistral-vibe-src": {
      "flake": false,
      "locked": {
        "lastModified": 1791557715,
        "narHash": "sha256-+LIobI41N01cZ7eLQWWhJIDdKj8YBRLjFwqqnSQdJ2c=",
        "owner": "mistralai",
        "repo": "mistral-vibe",
        "rev": "4ae5c5955da8e761318916bdb1a7f46f0b50c7d0",
        "type": "github"
      },
      "original": {
        "owner": "mistralai",
        "repo": "mistral-vibe",
        "type": "github"
      }
    },
    "nixpkgs": {
      "locked": {
        "lastModified": 1791594108,
        "narHash": "sha256-XK4KceonkwD8LuMAt/vNrz982mXJM5jeHAxMwsUXXAQ=",
        "owner": "NixOS",
        "repo": "nixpkgs",
        "rev": "6510408d147d8c5e6d76043e899e9251756f6a75",
        "type": "github"
      },
      "original": {
        "owner": "NixOS",
        "ref": "nixos-unstable",
        "repo": "nixpkgs",
        "type": "github"
      }
    },
    "pyproject-build-systems": {
      "inputs": {
        "nixpkgs": [
          "nixpkgs"
        ],
        "pyproject-nix": [
          "pyproject-nix"
        ],
        "uv2nix": "uv2nix"
      },
      "locked": {
        "lastModified": 1791170410,
        "narHash": "sha256-pyru9MpuXRiyq0Bd4q0nHpL4T6HCuZT4B+alcgAYE4A=",
        "owner": "pyproject-nix",
        "repo": "build-system-pkgs",
        "rev": "953d35d03a51dbecaf3feb3fb679eb63e90ebeb4",
        "type": "github"
      },
      "original": {
        "owner": "pyproject-nix",
        "repo": "build-system-pkgs",
        "type": "github"
      }
    },
    "pyproject-nix": {
      "inputs": {
        "nixpkgs": [
          "nixpkgs"
        ]
      },
      "locked": {
        "lastModified": 1791657700,
        "narHash": "sha256-vcCAvhtA7hG+/gOge29hYHy7I/dLkIsr5nLx4sFEQic=",
        "owner": "pyproject-nix",
        "repo": "pyproject.nix",
        "rev": "ddc400a6883b042646d0940e65971bb7f7e96107",
        "type": "github"
      },
      "original": {
        "owner": "pyproject-nix",
        "repo": "pyproject.nix",
        "type": "github"
      }
    },
    "root": {
      "inputs": {
        "mistral-vibe-src": "mistral-vibe-src",
        "nixpkgs": "nixpkgs",
        "pyproject-build-systems": "pyproject-build-systems",
        "pyproject-nix": "pyproject-nix",
        "uv2nix": "uv2nix_2"
      }
    },
    "uv2nix": {
      "inputs": {
        "nixpkgs": [
          "pyproject-build-systems",
          "nixpkgs"
        ],
        "pyproject-nix": [
          "pyproject-build-systems",
          "pyproject-nix"
        ]
      },
      "locked": {
        "lastModified": 1790341335,
        "narHash": "sha256-wFnDm/o/4OebDlpGFyVXP8DLUx0/gR/jUFuGqmTwsQg=",
        "owner": "pyproject-nix",
        "repo": "uv2nix",
        "rev": "a24323e9e6ecbbf305c238845ff6c612d50467c0",
        "type": "github"
      },
      "original": {
        "owner": "pyproject-nix",
        "repo": "uv2nix",
        "type": "github"
      }
    },
    "uv2nix_2": {
      "inputs": {
        "nixpkgs": [
          "nixpkgs"
        ],
        "pyproject-nix": [
          "pyproject-nix"
        ]
      },
      "locked": {
        "lastModified": 1791656763,
        "narHash": "sha256-2mFllBdFGB4zNogzx02b8O5JObd7LeAGsndk+ZB5XvI=",
        "owner": "pyproject-nix",
        "repo": "uv2nix",
        "rev": "ddca81d752e29c063eaa914e040c3ec56ed39558",
        "type": "github"
      },
      "original": {
        "owner": "pyproject-nix",
        "repo": "uv2nix",
        "type": "github"
      }
    }
  },
  "root": "root",
  "version": 7
}
